// !$*UTF8*$!
{
	archiveVersion = 1;
	classes = {
	};
	objectVersion = 50;
	objects = {

/* Begin PBXBuildFile section */
		5B24B020252BF6C500D4F373 /* SPHeight.c in Sources */ = {isa = PBXBuildFile; fileRef = 5B24B01C252BF6C500D4F373 /* SPHeight.c */; };
		5B24B021252BF6C500D4F373 /* SPParticles.c in Sources */ = {isa = PBXBuildFile; fileRef = 5B24B01D252BF6C500D4F373 /* SPParticles.c */; };
		5B24B022252BF6C500D4F373 /* SPRainfall.c in Sources */ = {isa = PBXBuildFile; fileRef = 5B24B01E252BF6C500D4F373 /* SPRainfall.c */; };
		5B24B023252BF6C500D4F373 /* SPBiome.c in Sources */ = {isa = PBXBuildFile; fileRef = 5B24B01F252BF6C500D4F373 /* SPBiome.c */; };
		5B24B078252C0CC400D4F373 /* libSPCommon.dylib in Frameworks */ = {isa = PBXBuildFile; fileRef = 5B24B077252C0CC400D4F373 /* libSPCommon.dylib */; };
/* End PBXBuildFile section */

/* Begin PBXFileReference section */
		5B24B015252BF6B700D4F373 /* libSPVanilla.dylib */ = {isa = PBXFileReference; explicitFileType = "compiled.mach-o.dylib"; includeInIndex = 0; path = libSPVanilla.dylib; sourceTree = BUILT_PRODUCTS_DIR; };
		5B24B01C252BF6C500D4F373 /* SPHeight.c */ = {isa = PBXFileReference; fileEncoding = 4; lastKnownFileType = sourcecode.c.c; name = SPHeight.c; path = ../../src/SPHeight.c; sourceTree = "<group>"; };
		5B24B01D252BF6C500D4F373 /* SPParticles.c */ = {isa = PBXFileReference; fileEncoding = 4; lastKnownFileType = sourcecode.c.c; name = SPParticles.c; path = ../../src/SPParticles.c; sourceTree = "<group>"; };
		5B24B01E252BF6C500D4F373 /* SPRainfall.c */ = {isa = PBXFileReference; fileEncoding = 4; lastKnownFileType = sourcecode.c.c; name = SPRainfall.c; path = ../../src/SPRainfall.c; sourceTree = "<group>"; };
		5B24B01F252BF6C500D4F373 /* SPBiome.c */ = {isa = PBXFileReference; fileEncoding = 4; lastKnownFileType = sourcecode.c.c; name = SPBiome.c; path = ../../src/SPBiome.c; sourceTree = "<group>"; };
		5B24B077252C0CC400D4F373 /* libSPCommon.dylib */ = {isa = PBXFileReference; lastKnownFileType = "compiled.mach-o.dylib"; name = libSPCommon.dylib; path = ../../../../lib/libSPCommon.dylib; sourceTree = "<group>"; };
/* End PBXFileReference section */

/* Begin PBXFrameworksBuildPhase section */
		5B24B013252BF6B700D4F373 /* Frameworks */ = {
			isa = PBXFrameworksBuildPhase;
			buildActionMask = 2147483647;
			files = (
				5B24B078252C0CC400D4F373 /* libSPCommon.dylib in Frameworks */,
			);
			runOnlyForDeploymentPostprocessing = 0;
		};
/* End PBXFrameworksBuildPhase section */

/* Begin PBXGroup section */
		5B24B00C252BF6B700D4F373 = {
			isa = PBXGroup;
			children = (
				5B24B01F252BF6C500D4F373 /* SPBiome.c */,
				5B24B01C252BF6C500D4F373 /* SPHeight.c */,
				5B24B01D252BF6C500D4F373 /* SPParticles.c */,
				5B24B01E252BF6C500D4F373 /* SPRainfall.c */,
				5B24B077252C0CC400D4F373 /* libSPCommon.dylib */,
				5B24B016252BF6B700D4F373 /* Products */,
			);
			sourceTree = "<group>";
		};
		5B24B016252BF6B700D4F373 /* Products */ = {
			isa = PBXGroup;
			children = (
				5B24B015252BF6B700D4F373 /* libSPVanilla.dylib */,
			);
			name = Products;
			sourceTree = "<group>";
		};
/* End PBXGroup section */

/* Begin PBXHeadersBuildPhase section */
		5B24B011252BF6B700D4F373 /* Headers */ = {
			isa = PBXHeadersBuildPhase;
			buildActionMask = 2147483647;
			files = (
			);
			runOnlyForDeploymentPostprocessing = 0;
		};
/* End PBXHeadersBuildPhase section */

/* Begin PBXNativeTarget section */
		5B24B014252BF6B700D4F373 /* SPVanilla */ = {
			isa = PBXNativeTarget;
			buildConfigurationList = 5B24B019252BF6B700D4F373 /* Build configuration list for PBXNativeTarget "SPVanilla" */;
			buildPhases = (
				5B24B011252BF6B700D4F373 /* Headers */,
				5B24B012252BF6B700D4F373 /* Sources */,
				5B24B013252BF6B700D4F373 /* Frameworks */,
			);
			buildRules = (
			);
			dependencies = (
			);
			name = SPVanilla;
			productName = SPVanillaMac;
			productReference = 5B24B015252BF6B700D4F373 /* libSPVanilla.dylib */;
			productType = "com.apple.product-type.library.dynamic";
		};
/* End PBXNativeTarget section */

/* Begin PBXProject section */
		5B24B00D252BF6B700D4F373 /* Project object */ = {
			isa = PBXProject;
			attributes = {
				LastUpgradeCheck = 1020;
				ORGANIZATIONNAME = "David Frampton";
				TargetAttributes = {
					5B24B014252BF6B700D4F373 = {
						CreatedOnToolsVersion = 10.2.1;
					};
				};
			};
			buildConfigurationList = 5B24B010252BF6B700D4F373 /* Build configuration list for PBXProject "SPVanilla" */;
			compatibilityVersion = "Xcode 9.3";
			developmentRegion = en;
			hasScannedForEncodings = 0;
			knownRegions = (
				en,
			);
			mainGroup = 5B24B00C252BF6B700D4F373;
			productRefGroup = 5B24B016252BF6B700D4F373 /* Products */;
			projectDirPath = "";
			projectRoot = "";
			targets = (
				5B24B014252BF6B700D4F373 /* SPVanilla */,
			);
		};
/* End PBXProject section */

/* Begin PBXSourcesBuildPhase section */
		5B24B012252BF6B700D4F373 /* Sources */ = {
			isa = PBXSourcesBuildPhase;
			buildActionMask = 2147483647;
			files = (
				5B24B021252BF6C500D4F373 /* SPParticles.c in Sources */,
				5B24B023252BF6C500D4F373 /* SPBiome.c in Sources */,
				5B24B022252BF6C500D4F373 /* SPRainfall.c in Sources */,
				5B24B020252BF6C500D4F373 /* SPHeight.c in Sources */,
			);
			runOnlyForDeploymentPostprocessing = 0;
		};
/* End PBXSourcesBuildPhase section */

/* Begin XCBuildConfiguration section */
		5B24B017252BF6B700D4F373 /* Debug */ = {
			isa = XCBuildConfiguration;
			buildSettings = {
				ALWAYS_SEARCH_USER_PATHS = NO;
				CLANG_ANALYZER_NONNULL = YES;
				CLANG_ANALYZER_NUMBER_OBJECT_CONVERSION = YES_AGGRESSIVE;
				CLANG_CXX_LANGUAGE_STANDARD = "gnu++14";
				CLANG_CXX_LIBRARY = "libc++";
				CLANG_ENABLE_MODULES = YES;
				CLANG_ENABLE_OBJC_ARC = YES;
				CLANG_ENABLE_OBJC_WEAK = YES;
				CLANG_WARN_BLOCK_CAPTURE_AUTORELEASING = YES;
				CLANG_WARN_BOOL_CONVERSION = YES;
				CLANG_WARN_COMMA = YES;
				CLANG_WARN_CONSTANT_CONVERSION = YES;
				CLANG_WARN_DEPRECATED_OBJC_IMPLEMENTATIONS = YES;
				CLANG_WARN_DIRECT_OBJC_ISA_USAGE = YES_ERROR;
				CLANG_WARN_DOCUMENTATION_COMMENTS = YES;
				CLANG_WARN_EMPTY_BODY = YES;
				CLANG_WARN_ENUM_CONVERSION = YES;
				CLANG_WARN_INFINITE_RECURSION = YES;
				CLANG_WARN_INT_CONVERSION = YES;
				CLANG_WARN_NON_LITERAL_NULL_CONVERSION = YES;
				CLANG_WARN_OBJC_IMPLICIT_RETAIN_SELF = YES;
				CLANG_WARN_OBJC_LITERAL_CONVERSION = YES;
				CLANG_WARN_OBJC_ROOT_CLASS = YES_ERROR;
				CLANG_WARN_RANGE_LOOP_ANALYSIS = YES;
				CLANG_WARN_STRICT_PROTOTYPES = YES;
				CLANG_WARN_SUSPICIOUS_MOVE = YES;
				CLANG_WARN_UNGUARDED_AVAILABILITY = YES_AGGRESSIVE;
				CLANG_WARN_UNREACHABLE_CODE = YES;
				CLANG_WARN__DUPLICATE_METHOD_MATCH = YES;
				CODE_SIGN_IDENTITY = "Mac Developer";
				COPY_PHASE_STRIP = NO;
				DEBUG_INFORMATION_FORMAT = dwarf;
				ENABLE_STRICT_OBJC_MSGSEND = YES;
				ENABLE_TESTABILITY = YES;
				GCC_C_LANGUAGE_STANDARD = gnu11;
				GCC_DYNAMIC_NO_PIC = NO;
				GCC_NO_COMMON_BLOCKS = YES;
				GCC_OPTIMIZATION_LEVEL = 0;
				GCC_PREPROCESSOR_DEFINITIONS = (
					"DEBUG=1",
					"$(inherited)",
				);
				GCC_WARN_64_TO_32_BIT_CONVERSION = YES;
				GCC_WARN_ABOUT_RETURN_TYPE = YES_ERROR;
				GCC_WARN_UNDECLARED_SELECTOR = YES;
				GCC_WARN_UNINITIALIZED_AUTOS = YES_AGGRESSIVE;
				GCC_WARN_UNUSED_FUNCTION = YES;
				GCC_WARN_UNUSED_VARIABLE = YES;
				MACOSX_DEPLOYMENT_TARGET = 10.15;
				MTL_ENABLE_DEBUG_INFO = INCLUDE_SOURCE;
				MTL_FAST_MATH = YES;
				ONLY_ACTIVE_ARCH = YES;
				SDKROOT = macosx;
			};
			name = Debug;
		};
		5B24B018252BF6B700D4F373 /* Release */ = {
			isa = XCBuildConfiguration;
			buildSettings = {
				ALWAYS_SEARCH_USER_PATHS = NO;
				CLANG_ANALYZER_NONNULL = YES;
				CLANG_ANALYZER_NUMBER_OBJECT_CONVERSION = YES_AGGRESSIVE;
				CLANG_CXX_LANGUAGE_STANDARD = "gnu++14";
				CLANG_CXX_LIBRARY = "libc++";
				CLANG_ENABLE_MODULES = YES;
				CLANG_ENABLE_OBJC_ARC = YES;
				CLANG_ENABLE_OBJC_WEAK = YES;
				CLANG_WARN_BLOCK_CAPTURE_AUTORELEASING = YES;
				CLANG_WARN_BOOL_CONVERSION = YES;
				CLANG_WARN_COMMA = YES;
				CLANG_WARN_CONSTANT_CONVERSION = YES;
				CLANG_WARN_DEPRECATED_OBJC_IMPLEMENTATIONS = YES;
				CLANG_WARN_DIRECT_OBJC_ISA_USAGE = YES_ERROR;
				CLANG_WARN_DOCUMENTATION_COMMENTS = YES;
				CLANG_WARN_EMPTY_BODY = YES;
				CLANG_WARN_ENUM_CONVERSION = YES;
				CLANG_WARN_INFINITE_RECURSION = YES;
				CLANG_WARN_INT_CONVERSION = YES;
				CLANG_WARN_NON_LITERAL_NULL_CONVERSION = YES;
				CLANG_WARN_OBJC_IMPLICIT_RETAIN_SELF = YES;
				CLANG_WARN_OBJC_LITERAL_CONVERSION = YES;
				CLANG_WARN_OBJC_ROOT_CLASS = YES_ERROR;
				CLANG_WARN_RANGE_LOOP_ANALYSIS = YES;
				CLANG_WARN_STRICT_PROTOTYPES = YES;
				CLANG_WARN_SUSPICIOUS_MOVE = YES;
				CLANG_WARN_UNGUARDED_AVAILABILITY = YES_AGGRESSIVE;
				CLANG_WARN_UNREACHABLE_CODE = YES;
				CLANG_WARN__DUPLICATE_METHOD_MATCH = YES;
				CODE_SIGN_IDENTITY = "Mac Developer";
				COPY_PHASE_STRIP = NO;
				DEBUG_INFORMATION_FORMAT = "dwarf-with-dsym";
				ENABLE_NS_ASSERTIONS = NO;
				ENABLE_STRICT_OBJC_MSGSEND = YES;
				GCC_C_LANGUAGE_STANDARD = gnu11;
				GCC_NO_COMMON_BLOCKS = YES;
				GCC_WARN_64_TO_32_BIT_CONVERSION = YES;
				GCC_WARN_ABOUT_RETURN_TYPE = YES_ERROR;
				GCC_WARN_UNDECLARED_SELECTOR = YES;
				GCC_WARN_UNINITIALIZED_AUTOS = YES_AGGRESSIVE;
				GCC_WARN_UNUSED_FUNCTION = YES;
				GCC_WARN_UNUSED_VARIABLE = YES;
				MACOSX_DEPLOYMENT_TARGET = 10.15;
				MTL_ENABLE_DEBUG_INFO = NO;
				MTL_FAST_MATH = YES;
				SDKROOT = macosx;
			};
			name = Release;
		};
		5B24B01A252BF6B700D4F373 /* Debug */ = {
			isa = XCBuildConfiguration;
			buildSettings = {
				CODE_SIGN_STYLE = Automatic;
				DEVELOPMENT_TEAM = 9Q78V5BF2N;
				DYLIB_COMPATIBILITY_VERSION = 1;
				DYLIB_CURRENT_VERSION = 1;
				EXECUTABLE_PREFIX = lib;
				HEADER_SEARCH_PATHS = "\"$(SRCROOT)/../../../../include\"";
				LIBRARY_SEARCH_PATHS = "\"$(SRCROOT)/../../../../lib\"";
				MACOSX_DEPLOYMENT_TARGET = 10.14;
				PRODUCT_NAME = "$(TARGET_NAME)";
				SKIP_INSTALL = YES;
			};
			name = Debug;
		};
		5B24B01B252BF6B700D4F373 /* Release */ = {
			isa = XCBuildConfiguration;
			buildSettings = {
				CODE_SIGN_STYLE = Automatic;
				DEVELOPMENT_TEAM = 9Q78V5BF2N;
				DYLIB_COMPATIBILITY_VERSION = 1;
				DYLIB_CURRENT_VERSION = 1;
				EXECUTABLE_PREFIX = lib;
				HEADER_SEARCH_PATHS = "\"$(SRCROOT)/../../../../include\"";
				LIBRARY_SEARCH_PATHS = "\"$(SRCROOT)/../../../../lib\"";
				MACOSX_DEPLOYMENT_TARGET = 10.14;
				PRODUCT_NAME = "$(TARGET_NAME)";
				SKIP_INSTALL = YES;
			};
			name = Release;
		};
/* End XCBuildConfiguration section */

/* Begin XCConfigurationList section */
		5B24B010252BF6B700D4F373 /* Build configuration list for PBXProject "SPVanilla" */ = {
			isa = XCConfigurationList;
			buildConfigurations = (
				5B24B017252BF6B700D4F373 /* Debug */,
				5B24B018252BF6B700D4F373 /* Release */,
			);
			defaultConfigurationIsVisible = 0;
			defaultConfigurationName = Release;
		};
		5B24B019252BF6B700D4F373 /* Build configuration list for PBXNativeTarget "SPVanilla" */ = {
			isa = XCConfigurationList;
			buildConfigurations = (
				5B24B01A252BF6B700D4F373 /* Debug */,
				5B24B01B252BF6B700D4F373 /* Release */,
			);
			defaultConfigurationIsVisible = 0;
			defaultConfigurationName = Release;
		};
/* End XCConfigurationList section */
	};
	rootObject = 5B24B00D252BF6B700D4F373 /* Project object */;
}
